
Microsoft Visual Studio Solution File, Format Version 12.00
# Visual Studio Version 17
VisualStudioVersion = 17.8.34525.116
MinimumVisualStudioVersion = 10.0.40219.1
Project("{FAE04EC0-301F-11D3-BF4B-00C04F79EFBC}") = "lab 3", "lab 3\lab 3.csproj", "{2179CF4E-4FCC-45CC-9DF3-509F7BEEA85E}"
EndProject
Global
	GlobalSection(SolutionConfigurationPlatforms) = preSolution
		Debug|Any CPU = Debug|Any CPU
		Release|Any CPU = Release|Any CPU
	EndGlobalSection
	GlobalSection(ProjectConfigurationPlatforms) = postSolution
		{2179CF4E-4FCC-45CC-9DF3-509F7BEEA85E}.Debug|Any CPU.ActiveCfg = Debug|Any CPU
		{2179CF4E-4FCC-45CC-9DF3-509F7BEEA85E}.Debug|Any CPU.Build.0 = Debug|Any CPU
		{2179CF4E-4FCC-45CC-9DF3-509F7BEEA85E}.Release|Any CPU.ActiveCfg = Release|Any CPU
		{2179CF4E-4FCC-45CC-9DF3-509F7BEEA85E}.Release|Any CPU.Build.0 = Release|Any CPU
	EndGlobalSection
	GlobalSection(SolutionProperties) = preSolution
		HideSolutionNode = FALSE
	EndGlobalSection
	GlobalSection(ExtensibilityGlobals) = postSolution
		SolutionGuid = {57F1A764-634A-405C-A5C4-D5BD1D774FEA}
	EndGlobalSection
EndGlobal
